schema: '2.0'
stages:
  preprocess:
    cmd: python scripts/preprocess.py
    deps:
    - path: data/raw/housing.csv
      hash: md5
      md5: d1c47305887e2252bf1ccbd74ff159a6
      size: 1423529
    - path: scripts/preprocess.py
      hash: md5
      md5: 12ac9f3b45a6ac32a2012114d4398490
      size: 4183
    params:
      params.yaml:
        preprocess.random_state: 42
        preprocess.test_size: 0.2
    outs:
    - path: data/processed/scaler.pkl
      hash: md5
      md5: 256db3b93ac2c8564705c5fa602ea598
      size: 845
    - path: data/processed/test.csv
      hash: md5
      md5: 995202bec7db9757e50e17469e617ef4
      size: 699724
    - path: data/processed/train.csv
      hash: md5
      md5: 13679879e74032d653b297634a2fba03
      size: 2798649
  train:
    cmd: python scripts/train2.py
    deps:
    - path: data/processed/train.csv
      hash: md5
      md5: 13679879e74032d653b297634a2fba03
      size: 2798649
    - path: scripts/train2.py
      hash: md5
      md5: 58f5d54319d7f3a75647c66f71983f2e
      size: 1968
    params:
      params.yaml:
        train.model_type: random_forest
        train.random_state: 42
        train.test_size: 0.2
    outs:
    - path: models/best_model.pkl
      hash: md5
      md5: e922357cd037ee444c07389219bf859d
      size: 144343269
    - path: models/feature_importance.png
      hash: md5
      md5: 69507d47079b873f4e906c4eada799ae
      size: 25866
  evaluate:
    cmd: python scripts/evaluate.py
    deps:
    - path: data/processed/test.csv
      hash: md5
      md5: 995202bec7db9757e50e17469e617ef4
      size: 699724
    - path: models/best_model.pkl
      hash: md5
      md5: e922357cd037ee444c07389219bf859d
      size: 144343269
    - path: scripts/evaluate.py
      hash: md5
      md5: eefa4dfb8bf4359ac4a671c97b187926
      size: 2672
    outs:
    - path: metrics.json
      hash: md5
      md5: fc28adf01bc0e8ed895271cf61f7b3cf
      size: 107
    - path: plots/
      hash: md5
      md5: 318af5b5a032f6c80ac63d28833ffd52.dir
      size: 268338
      nfiles: 1
